PODS:
  - Alamofire (5.10.1)
  - Flutter (1.0.0)
  - integration_test (0.0.1):
    - Flutter
  - twilio_conversation_sdk (0.0.1):
    - Alamofire (~> 5.0)
    - Flutter
    - TwilioConversationsClient (~> 4.0)
  - TwilioCommonLib (2.0.2)
  - TwilioConversationsClient (4.0.2):
    - TwilioTwilsockLib (= 2.0.2)
  - TwilioStateMachine (2.0.2)
  - TwilioTwilsockLib (2.0.2):
    - TwilioCommonLib (= 2.0.2)
    - TwilioStateMachine (= 2.0.2)

DEPENDENCIES:
  - Flutter (from `Flutter`)
  - integration_test (from `.symlinks/plugins/integration_test/ios`)
  - twilio_conversation_sdk (from `.symlinks/plugins/twilio_conversation_sdk/ios`)

SPEC REPOS:
  trunk:
    - Alamofire
    - TwilioCommonLib
    - TwilioConversationsClient
    - TwilioStateMachine
    - TwilioTwilsockLib

EXTERNAL SOURCES:
  Flutter:
    :path: Flutter
  integration_test:
    :path: ".symlinks/plugins/integration_test/ios"
  twilio_conversation_sdk:
    :path: ".symlinks/plugins/twilio_conversation_sdk/ios"

SPEC CHECKSUMS:
  Alamofire: 840d2a1ad82355b536ec6ba5f97e5bfa54600ca3
  Flutter: e0871f40cf51350855a761d2e70bf5af5b9b5de7
  integration_test: 252f60fa39af5e17c3aa9899d35d908a0721b573
  twilio_conversation_sdk: 8997bf37be11777591ff5a5fa50fcb678d7027bb
  TwilioCommonLib: cd0b6ced22d1a9a6fc9df813bd03aff113ceb91c
  TwilioConversationsClient: 892799e4a794cc3edc112594c0c7f03fc447e776
  TwilioStateMachine: 83d99bcb38d6133dd4f01f87464bd297f9f6c41b
  TwilioTwilsockLib: 2ac549121dddaafdd24e36f3a44b2b14eff7f540

PODFILE CHECKSUM: 819463e6a0290f5a72f145ba7cde16e8b6ef0796

COCOAPODS: 1.15.2
